// !$*UTF8*$!
{
	archiveVersion = 1;
	classes = {
	};
	objectVersion = 60;
	objects = {

/* Begin PBXBuildFile section */
		A8E0339D2C3A177300D3E6FA /* MoveApp.swift in Sources */ = {isa = PBXBuildFile; fileRef = A8E0337D2C3A177300D3E6FA /* MoveApp.swift */; };
		A8E0339E2C3A177300D3E6FA /* AppStartup.swift in Sources */ = {isa = PBXBuildFile; fileRef = A8E0337E2C3A177300D3E6FA /* AppStartup.swift */; };
		A8E0339F2C3A177300D3E6FA /* HomeView.swift in Sources */ = {isa = PBXBuildFile; fileRef = A8E0337F2C3A177300D3E6FA /* HomeView.swift */; };
		A8E033A02C3A177300D3E6FA /* HomeViewModel.swift in Sources */ = {isa = PBXBuildFile; fileRef = A8E033802C3A177300D3E6FA /* HomeViewModel.swift */; };
		A8E033A12C3A177300D3E6FA /* ExercisesView.swift in Sources */ = {isa = PBXBuildFile; fileRef = A8E033812C3A177300D3E6FA /* ExercisesView.swift */; };
		A8E033A22C3A177300D3E6FA /* EditExerciseView.swift in Sources */ = {isa = PBXBuildFile; fileRef = A8E033822C3A177300D3E6FA /* EditExerciseView.swift */; };
		A8E033A32C3A177300D3E6FA /* ExerciseDetailView.swift in Sources */ = {isa = PBXBuildFile; fileRef = A8E033832C3A177300D3E6FA /* ExerciseDetailView.swift */; };
		A8E033A42C3A177300D3E6FA /* ScheduleView.swift in Sources */ = {isa = PBXBuildFile; fileRef = A8E033842C3A177300D3E6FA /* ScheduleView.swift */; };
		A8E033A52C3A177300D3E6FA /* ScheduleViewModel.swift in Sources */ = {isa = PBXBuildFile; fileRef = A8E033852C3A177300D3E6FA /* ScheduleViewModel.swift */; };
		A8E033A62C3A177300D3E6FA /* HistoryView.swift in Sources */ = {isa = PBXBuildFile; fileRef = A8E033862C3A177300D3E6FA /* HistoryView.swift */; };
		A8E033A72C3A177300D3E6FA /* SettingsView.swift in Sources */ = {isa = PBXBuildFile; fileRef = A8E033872C3A177300D3E6FA /* SettingsView.swift */; };
		A8E033A82C3A177300D3E6FA /* SettingsViewModel.swift in Sources */ = {isa = PBXBuildFile; fileRef = A8E033882C3A177300D3E6FA /* SettingsViewModel.swift */; };
		A8E033A92C3A177300D3E6FA /* Exercise.swift in Sources */ = {isa = PBXBuildFile; fileRef = A8E033892C3A177300D3E6FA /* Exercise.swift */; };
		A8E033AA2C3A177300D3E6FA /* ScheduleSettings.swift in Sources */ = {isa = PBXBuildFile; fileRef = A8E0338A2C3A177300D3E6FA /* ScheduleSettings.swift */; };
		A8E033AB2C3A177300D3E6FA /* Completion.swift in Sources */ = {isa = PBXBuildFile; fileRef = A8E0338B2C3A177300D3E6FA /* Completion.swift */; };
		A8E033AC2C3A177300D3E6FA /* SeedDataLoader.swift in Sources */ = {isa = PBXBuildFile; fileRef = A8E0338C2C3A177300D3E6FA /* SeedDataLoader.swift */; };
		A8E033AD2C3A177300D3E6FA /* StreakCalculator.swift in Sources */ = {isa = PBXBuildFile; fileRef = A8E0338D2C3A177300D3E6FA /* StreakCalculator.swift */; };
		A8E033AE2C3A177300D3E6FA /* NotificationService.swift in Sources */ = {isa = PBXBuildFile; fileRef = A8E0338E2C3A177300D3E6FA /* NotificationService.swift */; };
		A8E033AF2C3A177300D3E6FA /* SchedulingService.swift in Sources */ = {isa = PBXBuildFile; fileRef = A8E0338F2C3A177300D3E6FA /* SchedulingService.swift */; };
		A8E033B02C3A177300D3E6FA /* ExportImportService.swift in Sources */ = {isa = PBXBuildFile; fileRef = A8E033902C3A177300D3E6FA /* ExportImportService.swift */; };
		A8E033B12C3A177300D3E6FA /* SeedDataService.swift in Sources */ = {isa = PBXBuildFile; fileRef = A8E033912C3A177300D3E6FA /* SeedDataService.swift */; };
		A8E033B22C3A177300D3E6FA /* MoveTheme.swift in Sources */ = {isa = PBXBuildFile; fileRef = A8E033922C3A177300D3E6FA /* MoveTheme.swift */; };
		A8E033B32C3A177300D3E6FA /* PrimaryButton.swift in Sources */ = {isa = PBXBuildFile; fileRef = A8E033932C3A177300D3E6FA /* PrimaryButton.swift */; };
		A8E033B42C3A177300D3E6FA /* CardView.swift in Sources */ = {isa = PBXBuildFile; fileRef = A8E033942C3A177300D3E6FA /* CardView.swift */; };
		A8E033B52C3A177300D3E6FA /* EmptyStateView.swift in Sources */ = {isa = PBXBuildFile; fileRef = A8E033952C3A177300D3E6FA /* EmptyStateView.swift */; };
		A8E033B62C3A177300D3E6FA /* Date+Extensions.swift in Sources */ = {isa = PBXBuildFile; fileRef = A8E033962C3A177300D3E6FA /* Date+Extensions.swift */; };
		A8E033B72C3A177300D3E6FA /* NotificationAction.swift in Sources */ = {isa = PBXBuildFile; fileRef = A8E033972C3A177300D3E6FA /* NotificationAction.swift */; };
		DC49632B04A847F5834C885E /* UppercaseTextModifier.swift in Sources */ = {isa = PBXBuildFile; fileRef = EAD4863719CC490D95551EF4 /* UppercaseTextModifier.swift */; };
		A8E033B82C3A177300D3E6FA /* SchedulingServiceTests.swift in Sources */ = {isa = PBXBuildFile; fileRef = A8E0339B2C3A177300D3E6FA /* SchedulingServiceTests.swift */; };
		A8E033B92C3A177300D3E6FA /* ExerciseSelectionTests.swift in Sources */ = {isa = PBXBuildFile; fileRef = A8E0339C2C3A177300D3E6FA /* ExerciseSelectionTests.swift */; };
A8E033BA2C3A177300D3E6FA /* SeedExercises.json in Resources */ = {isa = PBXBuildFile; fileRef = A8E033992C3A177300D3E6FA /* SeedExercises.json */; };
098322D67385407CB6B325AC /* NotificationIcon.png in Resources */ = {isa = PBXBuildFile; fileRef = ADF80666C33746DD8161DE84 /* NotificationIcon.png */; };
		A8E033BB2C3A177300D3E6FA /* Assets.xcassets in Resources */ = {isa = PBXBuildFile; fileRef = A8E033982C3A177300D3E6FA /* Assets.xcassets */; };
/* End PBXBuildFile section */

/* Begin PBXContainerItemProxy section */
		A8E033C32C3A177300D3E6FA /* PBXContainerItemProxy */ = {
			isa = PBXContainerItemProxy;
			containerPortal = A8E0335A2C3A177300D3E6FA /* Project object */;
			proxyType = 1;
			remoteGlobalIDString = A8E0335C2C3A177300D3E6FA;
			remoteInfo = Move;
		};
/* End PBXContainerItemProxy section */

/* Begin PBXFileReference section */
		A8E0337B2C3A177300D3E6FA /* Move.app */ = {isa = PBXFileReference; explicitFileType = wrapper.application; includeInIndex = 0; path = Move.app; sourceTree = BUILT_PRODUCTS_DIR; };
		A8E0337C2C3A177300D3E6FA /* MoveTests.xctest */ = {isa = PBXFileReference; explicitFileType = wrapper.cfbundle; includeInIndex = 0; path = MoveTests.xctest; sourceTree = BUILT_PRODUCTS_DIR; };
		A8E0337D2C3A177300D3E6FA /* MoveApp.swift */ = {isa = PBXFileReference; lastKnownFileType = sourcecode.swift; path = MoveApp.swift; sourceTree = "<group>"; };
		A8E0337E2C3A177300D3E6FA /* AppStartup.swift */ = {isa = PBXFileReference; lastKnownFileType = sourcecode.swift; path = AppStartup.swift; sourceTree = "<group>"; };
		A8E0337F2C3A177300D3E6FA /* HomeView.swift */ = {isa = PBXFileReference; lastKnownFileType = sourcecode.swift; path = HomeView.swift; sourceTree = "<group>"; };
		A8E033802C3A177300D3E6FA /* HomeViewModel.swift */ = {isa = PBXFileReference; lastKnownFileType = sourcecode.swift; path = HomeViewModel.swift; sourceTree = "<group>"; };
		A8E033812C3A177300D3E6FA /* ExercisesView.swift */ = {isa = PBXFileReference; lastKnownFileType = sourcecode.swift; path = ExercisesView.swift; sourceTree = "<group>"; };
		A8E033822C3A177300D3E6FA /* EditExerciseView.swift */ = {isa = PBXFileReference; lastKnownFileType = sourcecode.swift; path = EditExerciseView.swift; sourceTree = "<group>"; };
		A8E033832C3A177300D3E6FA /* ExerciseDetailView.swift */ = {isa = PBXFileReference; lastKnownFileType = sourcecode.swift; path = ExerciseDetailView.swift; sourceTree = "<group>"; };
		A8E033842C3A177300D3E6FA /* ScheduleView.swift */ = {isa = PBXFileReference; lastKnownFileType = sourcecode.swift; path = ScheduleView.swift; sourceTree = "<group>"; };
		A8E033852C3A177300D3E6FA /* ScheduleViewModel.swift */ = {isa = PBXFileReference; lastKnownFileType = sourcecode.swift; path = ScheduleViewModel.swift; sourceTree = "<group>"; };
		A8E033862C3A177300D3E6FA /* HistoryView.swift */ = {isa = PBXFileReference; lastKnownFileType = sourcecode.swift; path = HistoryView.swift; sourceTree = "<group>"; };
		A8E033872C3A177300D3E6FA /* SettingsView.swift */ = {isa = PBXFileReference; lastKnownFileType = sourcecode.swift; path = SettingsView.swift; sourceTree = "<group>"; };
		A8E033882C3A177300D3E6FA /* SettingsViewModel.swift */ = {isa = PBXFileReference; lastKnownFileType = sourcecode.swift; path = SettingsViewModel.swift; sourceTree = "<group>"; };
		A8E033892C3A177300D3E6FA /* Exercise.swift */ = {isa = PBXFileReference; lastKnownFileType = sourcecode.swift; path = Exercise.swift; sourceTree = "<group>"; };
		A8E0338A2C3A177300D3E6FA /* ScheduleSettings.swift */ = {isa = PBXFileReference; lastKnownFileType = sourcecode.swift; path = ScheduleSettings.swift; sourceTree = "<group>"; };
		A8E0338B2C3A177300D3E6FA /* Completion.swift */ = {isa = PBXFileReference; lastKnownFileType = sourcecode.swift; path = Completion.swift; sourceTree = "<group>"; };
		A8E0338C2C3A177300D3E6FA /* SeedDataLoader.swift */ = {isa = PBXFileReference; lastKnownFileType = sourcecode.swift; path = SeedDataLoader.swift; sourceTree = "<group>"; };
		A8E0338D2C3A177300D3E6FA /* StreakCalculator.swift */ = {isa = PBXFileReference; lastKnownFileType = sourcecode.swift; path = StreakCalculator.swift; sourceTree = "<group>"; };
		A8E0338E2C3A177300D3E6FA /* NotificationService.swift */ = {isa = PBXFileReference; lastKnownFileType = sourcecode.swift; path = NotificationService.swift; sourceTree = "<group>"; };
		A8E0338F2C3A177300D3E6FA /* SchedulingService.swift */ = {isa = PBXFileReference; lastKnownFileType = sourcecode.swift; path = SchedulingService.swift; sourceTree = "<group>"; };
		A8E033902C3A177300D3E6FA /* ExportImportService.swift */ = {isa = PBXFileReference; lastKnownFileType = sourcecode.swift; path = ExportImportService.swift; sourceTree = "<group>"; };
		A8E033912C3A177300D3E6FA /* SeedDataService.swift */ = {isa = PBXFileReference; lastKnownFileType = sourcecode.swift; path = SeedDataService.swift; sourceTree = "<group>"; };
		A8E033922C3A177300D3E6FA /* MoveTheme.swift */ = {isa = PBXFileReference; lastKnownFileType = sourcecode.swift; path = MoveTheme.swift; sourceTree = "<group>"; };
		A8E033932C3A177300D3E6FA /* PrimaryButton.swift */ = {isa = PBXFileReference; lastKnownFileType = sourcecode.swift; path = PrimaryButton.swift; sourceTree = "<group>"; };
		A8E033942C3A177300D3E6FA /* CardView.swift */ = {isa = PBXFileReference; lastKnownFileType = sourcecode.swift; path = CardView.swift; sourceTree = "<group>"; };
		A8E033952C3A177300D3E6FA /* EmptyStateView.swift */ = {isa = PBXFileReference; lastKnownFileType = sourcecode.swift; path = EmptyStateView.swift; sourceTree = "<group>"; };
		A8E033962C3A177300D3E6FA /* Date+Extensions.swift */ = {isa = PBXFileReference; lastKnownFileType = sourcecode.swift; path = "Date+Extensions.swift"; sourceTree = "<group>"; };
		A8E033972C3A177300D3E6FA /* NotificationAction.swift */ = {isa = PBXFileReference; lastKnownFileType = sourcecode.swift; path = NotificationAction.swift; sourceTree = "<group>"; };
		EAD4863719CC490D95551EF4 /* UppercaseTextModifier.swift */ = {isa = PBXFileReference; lastKnownFileType = sourcecode.swift; path = UppercaseTextModifier.swift; sourceTree = "<group>"; };
		A8E033982C3A177300D3E6FA /* Assets.xcassets */ = {isa = PBXFileReference; lastKnownFileType = folder.assetcatalog; path = Assets.xcassets; sourceTree = "<group>"; };
A8E033992C3A177300D3E6FA /* SeedExercises.json */ = {isa = PBXFileReference; lastKnownFileType = text.json; path = SeedExercises.json; sourceTree = "<group>"; };
ADF80666C33746DD8161DE84 /* NotificationIcon.png */ = {isa = PBXFileReference; lastKnownFileType = image.png; path = NotificationIcon.png; sourceTree = "<group>"; };
		A8E0339A2C3A177300D3E6FA /* Info.plist */ = {isa = PBXFileReference; lastKnownFileType = text.plist.xml; path = Info.plist; sourceTree = "<group>"; };
		A8E0339B2C3A177300D3E6FA /* SchedulingServiceTests.swift */ = {isa = PBXFileReference; lastKnownFileType = sourcecode.swift; path = SchedulingServiceTests.swift; sourceTree = "<group>"; };
		A8E0339C2C3A177300D3E6FA /* ExerciseSelectionTests.swift */ = {isa = PBXFileReference; lastKnownFileType = sourcecode.swift; path = ExerciseSelectionTests.swift; sourceTree = "<group>"; };
/* End PBXFileReference section */

/* Begin PBXFrameworksBuildPhase section */
		A8E033612C3A177300D3E6FA /* Frameworks */ = {
			isa = PBXFrameworksBuildPhase;
			buildActionMask = 2147483647;
			files = (
			);
			runOnlyForDeploymentPostprocessing = 0;
		};
		A8E033642C3A177300D3E6FA /* Frameworks */ = {
			isa = PBXFrameworksBuildPhase;
			buildActionMask = 2147483647;
			files = (
			);
			runOnlyForDeploymentPostprocessing = 0;
		};
/* End PBXFrameworksBuildPhase section */

/* Begin PBXGroup section */
		A8E033662C3A177300D3E6FA = {
			isa = PBXGroup;
			children = (
				A8E033692C3A177300D3E6FA /* Move */,
				A8E033772C3A177300D3E6FA /* Tests */,
				A8E033672C3A177300D3E6FA /* Products */,
				A8E033682C3A177300D3E6FA /* Frameworks */,
			);
			sourceTree = "<group>";
		};
		A8E033672C3A177300D3E6FA /* Products */ = {
			isa = PBXGroup;
			children = (
				A8E0337B2C3A177300D3E6FA /* Move.app */,
				A8E0337C2C3A177300D3E6FA /* MoveTests.xctest */,
			);
			name = Products;
			sourceTree = "<group>";
		};
		A8E033682C3A177300D3E6FA /* Frameworks */ = {
			isa = PBXGroup;
			children = (
			);
			name = Frameworks;
			sourceTree = "<group>";
		};
		A8E033692C3A177300D3E6FA /* Move */ = {
			isa = PBXGroup;
			children = (
				A8E0336A2C3A177300D3E6FA /* App */,
				A8E0336B2C3A177300D3E6FA /* Features */,
				A8E033712C3A177300D3E6FA /* Services */,
				A8E033722C3A177300D3E6FA /* Models */,
				A8E033732C3A177300D3E6FA /* Design */,
				A8E033752C3A177300D3E6FA /* Utils */,
				A8E033762C3A177300D3E6FA /* Resources */,
			);
			path = Move;
			sourceTree = "<group>";
		};
		A8E0336A2C3A177300D3E6FA /* App */ = {
			isa = PBXGroup;
			children = (
				A8E0337D2C3A177300D3E6FA /* MoveApp.swift */,
				A8E0337E2C3A177300D3E6FA /* AppStartup.swift */,
			);
			path = App;
			sourceTree = "<group>";
		};
		A8E0336B2C3A177300D3E6FA /* Features */ = {
			isa = PBXGroup;
			children = (
				A8E0336C2C3A177300D3E6FA /* Home */,
				A8E0336D2C3A177300D3E6FA /* Exercises */,
				A8E0336E2C3A177300D3E6FA /* Schedule */,
				A8E0336F2C3A177300D3E6FA /* History */,
				A8E033702C3A177300D3E6FA /* Settings */,
			);
			path = Features;
			sourceTree = "<group>";
		};
		A8E0336C2C3A177300D3E6FA /* Home */ = {
			isa = PBXGroup;
			children = (
				A8E0337F2C3A177300D3E6FA /* HomeView.swift */,
				A8E033802C3A177300D3E6FA /* HomeViewModel.swift */,
			);
			path = Home;
			sourceTree = "<group>";
		};
		A8E0336D2C3A177300D3E6FA /* Exercises */ = {
			isa = PBXGroup;
			children = (
				A8E033812C3A177300D3E6FA /* ExercisesView.swift */,
				A8E033822C3A177300D3E6FA /* EditExerciseView.swift */,
				A8E033832C3A177300D3E6FA /* ExerciseDetailView.swift */,
			);
			path = Exercises;
			sourceTree = "<group>";
		};
		A8E0336E2C3A177300D3E6FA /* Schedule */ = {
			isa = PBXGroup;
			children = (
				A8E033842C3A177300D3E6FA /* ScheduleView.swift */,
				A8E033852C3A177300D3E6FA /* ScheduleViewModel.swift */,
			);
			path = Schedule;
			sourceTree = "<group>";
		};
		A8E0336F2C3A177300D3E6FA /* History */ = {
			isa = PBXGroup;
			children = (
				A8E033862C3A177300D3E6FA /* HistoryView.swift */,
			);
			path = History;
			sourceTree = "<group>";
		};
		A8E033702C3A177300D3E6FA /* Settings */ = {
			isa = PBXGroup;
			children = (
				A8E033872C3A177300D3E6FA /* SettingsView.swift */,
				A8E033882C3A177300D3E6FA /* SettingsViewModel.swift */,
			);
			path = Settings;
			sourceTree = "<group>";
		};
		A8E033712C3A177300D3E6FA /* Services */ = {
			isa = PBXGroup;
			children = (
				A8E0338E2C3A177300D3E6FA /* NotificationService.swift */,
				A8E0338F2C3A177300D3E6FA /* SchedulingService.swift */,
				A8E033902C3A177300D3E6FA /* ExportImportService.swift */,
				A8E033912C3A177300D3E6FA /* SeedDataService.swift */,
			);
			path = Services;
			sourceTree = "<group>";
		};
		A8E033722C3A177300D3E6FA /* Models */ = {
			isa = PBXGroup;
			children = (
				A8E033892C3A177300D3E6FA /* Exercise.swift */,
				A8E0338A2C3A177300D3E6FA /* ScheduleSettings.swift */,
				A8E0338B2C3A177300D3E6FA /* Completion.swift */,
				A8E0338C2C3A177300D3E6FA /* SeedDataLoader.swift */,
				A8E0338D2C3A177300D3E6FA /* StreakCalculator.swift */,
			);
			path = Models;
			sourceTree = "<group>";
		};
		A8E033732C3A177300D3E6FA /* Design */ = {
			isa = PBXGroup;
			children = (
				A8E033922C3A177300D3E6FA /* MoveTheme.swift */,
				A8E033742C3A177300D3E6FA /* Components */,
			);
			path = Design;
			sourceTree = "<group>";
		};
		A8E033742C3A177300D3E6FA /* Components */ = {
			isa = PBXGroup;
			children = (
				A8E033932C3A177300D3E6FA /* PrimaryButton.swift */,
				A8E033942C3A177300D3E6FA /* CardView.swift */,
				A8E033952C3A177300D3E6FA /* EmptyStateView.swift */,
				EAD4863719CC490D95551EF4 /* UppercaseTextModifier.swift */,
			);
			path = Components;
			sourceTree = "<group>";
		};
		A8E033752C3A177300D3E6FA /* Utils */ = {
			isa = PBXGroup;
			children = (
				A8E033962C3A177300D3E6FA /* Date+Extensions.swift */,
				A8E033972C3A177300D3E6FA /* NotificationAction.swift */,
			);
			path = Utils;
			sourceTree = "<group>";
		};
		A8E033762C3A177300D3E6FA /* Resources */ = {
			isa = PBXGroup;
			children = (
				A8E033982C3A177300D3E6FA /* Assets.xcassets */,
                A8E033992C3A177300D3E6FA /* SeedExercises.json */,
                ADF80666C33746DD8161DE84 /* NotificationIcon.png */,
				A8E0339A2C3A177300D3E6FA /* Info.plist */,
			);
			path = Resources;
			sourceTree = "<group>";
		};
		A8E033772C3A177300D3E6FA /* Tests */ = {
			isa = PBXGroup;
			children = (
				A8E033782C3A177300D3E6FA /* MoveTests */,
			);
			path = Tests;
			sourceTree = "<group>";
		};
		A8E033782C3A177300D3E6FA /* MoveTests */ = {
			isa = PBXGroup;
			children = (
				A8E0339B2C3A177300D3E6FA /* SchedulingServiceTests.swift */,
				A8E0339C2C3A177300D3E6FA /* ExerciseSelectionTests.swift */,
			);
			path = MoveTests;
			sourceTree = "<group>";
		};
/* End PBXGroup section */

/* Begin PBXNativeTarget section */
		A8E0335C2C3A177300D3E6FA /* Move */ = {
			isa = PBXNativeTarget;
			buildConfigurationList = A8E0335D2C3A177300D3E6FA /* Build configuration list for PBXNativeTarget "Move" */;
			buildPhases = (
				A8E033602C3A177300D3E6FA /* Sources */,
				A8E033612C3A177300D3E6FA /* Frameworks */,
				A8E033622C3A177300D3E6FA /* Resources */,
			);
			buildRules = (
			);
			dependencies = (
			);
			name = Move;
			productName = Move;
			productReference = A8E0337B2C3A177300D3E6FA /* Move.app */;
			productType = "com.apple.product-type.application";
		};
		A8E0335E2C3A177300D3E6FA /* MoveTests */ = {
			isa = PBXNativeTarget;
			buildConfigurationList = A8E0335F2C3A177300D3E6FA /* Build configuration list for PBXNativeTarget "MoveTests" */;
			buildPhases = (
				A8E033632C3A177300D3E6FA /* Sources */,
				A8E033642C3A177300D3E6FA /* Frameworks */,
			);
			buildRules = (
			);
			dependencies = (
				A8E033C22C3A177300D3E6FA /* PBXTargetDependency */,
			);
			name = MoveTests;
			productName = MoveTests;
			productReference = A8E0337C2C3A177300D3E6FA /* MoveTests.xctest */;
			productType = "com.apple.product-type.bundle.unit-test";
		};
/* End PBXNativeTarget section */

/* Begin PBXProject section */
		A8E0335A2C3A177300D3E6FA /* Project object */ = {
			isa = PBXProject;
			attributes = {
				BuildIndependentTargetsInParallel = YES;
				LastSwiftUpdateCheck = 1530;
				LastUpgradeCheck = 2600;
				TargetAttributes = {
					A8E0335C2C3A177300D3E6FA = {
						ProvisioningStyle = Automatic;
					};
					A8E0335E2C3A177300D3E6FA = {
						DevelopmentTeam = "";
						ProvisioningStyle = Automatic;
					};
				};
			};
			buildConfigurationList = A8E0335B2C3A177300D3E6FA /* Build configuration list for PBXProject "Move" */;
			compatibilityVersion = "Xcode 15.0";
			developmentRegion = en;
			hasScannedForEncodings = 0;
			knownRegions = (
				en,
				Base,
			);
			mainGroup = A8E033662C3A177300D3E6FA;
			productRefGroup = A8E033672C3A177300D3E6FA /* Products */;
			projectDirPath = "";
			projectRoot = "";
			targets = (
				A8E0335C2C3A177300D3E6FA /* Move */,
				A8E0335E2C3A177300D3E6FA /* MoveTests */,
			);
		};
/* End PBXProject section */

/* Begin PBXResourcesBuildPhase section */
		A8E033622C3A177300D3E6FA /* Resources */ = {
			isa = PBXResourcesBuildPhase;
			buildActionMask = 2147483647;
			files = (
                A8E033BA2C3A177300D3E6FA /* SeedExercises.json in Resources */,
                098322D67385407CB6B325AC /* NotificationIcon.png in Resources */,
				A8E033BB2C3A177300D3E6FA /* Assets.xcassets in Resources */,
			);
			runOnlyForDeploymentPostprocessing = 0;
		};
/* End PBXResourcesBuildPhase section */

/* Begin PBXSourcesBuildPhase section */
		A8E033602C3A177300D3E6FA /* Sources */ = {
			isa = PBXSourcesBuildPhase;
			buildActionMask = 2147483647;
			files = (
				A8E033B72C3A177300D3E6FA /* NotificationAction.swift in Sources */,
				A8E033AF2C3A177300D3E6FA /* SchedulingService.swift in Sources */,
				A8E033A72C3A177300D3E6FA /* SettingsView.swift in Sources */,
				A8E033AE2C3A177300D3E6FA /* NotificationService.swift in Sources */,
				A8E033B62C3A177300D3E6FA /* Date+Extensions.swift in Sources */,
				A8E033A22C3A177300D3E6FA /* EditExerciseView.swift in Sources */,
				A8E033A02C3A177300D3E6FA /* HomeViewModel.swift in Sources */,
				A8E033A12C3A177300D3E6FA /* ExercisesView.swift in Sources */,
				A8E033A42C3A177300D3E6FA /* ScheduleView.swift in Sources */,
				A8E033A52C3A177300D3E6FA /* ScheduleViewModel.swift in Sources */,
				A8E033A82C3A177300D3E6FA /* SettingsViewModel.swift in Sources */,
				A8E0339F2C3A177300D3E6FA /* HomeView.swift in Sources */,
				A8E033A62C3A177300D3E6FA /* HistoryView.swift in Sources */,
				A8E033B52C3A177300D3E6FA /* EmptyStateView.swift in Sources */,
				A8E033B22C3A177300D3E6FA /* MoveTheme.swift in Sources */,
				A8E033A32C3A177300D3E6FA /* ExerciseDetailView.swift in Sources */,
				A8E033AD2C3A177300D3E6FA /* StreakCalculator.swift in Sources */,
				A8E033AC2C3A177300D3E6FA /* SeedDataLoader.swift in Sources */,
				A8E033A92C3A177300D3E6FA /* Exercise.swift in Sources */,
				A8E033AA2C3A177300D3E6FA /* ScheduleSettings.swift in Sources */,
				A8E033AB2C3A177300D3E6FA /* Completion.swift in Sources */,
				A8E033B02C3A177300D3E6FA /* ExportImportService.swift in Sources */,
				A8E033B42C3A177300D3E6FA /* CardView.swift in Sources */,
				A8E0339E2C3A177300D3E6FA /* AppStartup.swift in Sources */,
				A8E033B12C3A177300D3E6FA /* SeedDataService.swift in Sources */,
				A8E0339D2C3A177300D3E6FA /* MoveApp.swift in Sources */,
				A8E033B32C3A177300D3E6FA /* PrimaryButton.swift in Sources */,
				DC49632B04A847F5834C885E /* UppercaseTextModifier.swift in Sources */,
		);
			runOnlyForDeploymentPostprocessing = 0;
		};
		A8E033632C3A177300D3E6FA /* Sources */ = {
			isa = PBXSourcesBuildPhase;
			buildActionMask = 2147483647;
			files = (
				A8E033B82C3A177300D3E6FA /* SchedulingServiceTests.swift in Sources */,
				A8E033B92C3A177300D3E6FA /* ExerciseSelectionTests.swift in Sources */,
			);
			runOnlyForDeploymentPostprocessing = 0;
		};
/* End PBXSourcesBuildPhase section */

/* Begin PBXTargetDependency section */
		A8E033C22C3A177300D3E6FA /* PBXTargetDependency */ = {
			isa = PBXTargetDependency;
			target = A8E0335C2C3A177300D3E6FA /* Move */;
			targetProxy = A8E033C32C3A177300D3E6FA /* PBXContainerItemProxy */;
		};
/* End PBXTargetDependency section */

/* Begin XCBuildConfiguration section */
		A8E033BC2C3A177300D3E6FA /* Debug */ = {
			isa = XCBuildConfiguration;
			buildSettings = {
				CLANG_ANALYZER_NONNULL = YES;
				CLANG_ANALYZER_NUMBER_OBJECT_CONVERSION = YES_AGGRESSIVE;
				CLANG_CXX_LANGUAGE_STANDARD = "gnu++20";
				CLANG_ENABLE_MODULES = YES;
				CLANG_ENABLE_OBJC_ARC = YES;
				CLANG_WARN_BLOCK_CAPTURE_AUTORELEASING = YES;
				CLANG_WARN_BOOL_CONVERSION = YES;
				CLANG_WARN_COMMA = YES;
				CLANG_WARN_CONSTANT_CONVERSION = YES;
				CLANG_WARN_DEPRECATED_OBJC_IMPLEMENTATIONS = YES;
				CLANG_WARN_DIRECT_OBJC_ISA_USAGE = YES_ERROR;
				CLANG_WARN_DOCUMENTATION_COMMENTS = YES;
				CLANG_WARN_EMPTY_BODY = YES;
				CLANG_WARN_ENUM_CONVERSION = YES;
				CLANG_WARN_INFINITE_RECURSION = YES;
				CLANG_WARN_INT_CONVERSION = YES;
				CLANG_WARN_NON_LITERAL_NULL_CONVERSION = YES;
				CLANG_WARN_OBJC_IMPLICIT_RETAIN_SELF = YES;
				CLANG_WARN_OBJC_LITERAL_CONVERSION = YES;
				CLANG_WARN_OBJC_ROOT_CLASS = YES_ERROR;
				CLANG_WARN_QUOTED_INCLUDE_IN_FRAMEWORK_HEADER = YES;
				CLANG_WARN_RANGE_LOOP_ANALYSIS = YES;
				CLANG_WARN_STRICT_PROTOTYPES = YES;
				CLANG_WARN_SUSPICIOUS_MOVE = YES;
				CLANG_WARN_UNGUARDED_AVAILABILITY = YES_AGGRESSIVE;
				CLANG_WARN_UNREACHABLE_CODE = YES;
				CLANG_WARN__DUPLICATE_METHOD_MATCH = YES;
				CODE_SIGN_IDENTITY = "";
				COPY_PHASE_STRIP = NO;
				DEAD_CODE_STRIPPING = YES;
				DEBUG_INFORMATION_FORMAT = dwarf;
				ENABLE_STRICT_OBJC_MSGSEND = YES;
				ENABLE_TESTABILITY = YES;
				ENABLE_USER_SCRIPT_SANDBOXING = YES;
				GCC_C_LANGUAGE_STANDARD = gnu17;
				GCC_DYNAMIC_NO_PIC = NO;
				GCC_NO_COMMON_BLOCKS = YES;
				GCC_OPTIMIZATION_LEVEL = 0;
				GCC_PREPROCESSOR_DEFINITIONS = (
					"DEBUG=1",
					"$(inherited)",
				);
				GCC_WARN_64_TO_32_BIT_CONVERSION = YES;
				GCC_WARN_ABOUT_RETURN_TYPE = YES_ERROR;
				GCC_WARN_UNDECLARED_SELECTOR = YES;
				GCC_WARN_UNINITIALIZED_AUTOS = YES_AGGRESSIVE;
				GCC_WARN_UNUSED_FUNCTION = YES;
				GCC_WARN_UNUSED_VARIABLE = YES;
				IPHONEOS_DEPLOYMENT_TARGET = 17.0;
				MTL_ENABLE_DEBUG_INFO = INCLUDE_SOURCE;
				ONLY_ACTIVE_ARCH = YES;
				STRING_CATALOG_GENERATE_SYMBOLS = YES;
				SWIFT_ACTIVE_COMPILATION_CONDITIONS = DEBUG;
				SWIFT_OPTIMIZATION_LEVEL = "-Onone";
			};
			name = Debug;
		};
		A8E033BD2C3A177300D3E6FA /* Release */ = {
			isa = XCBuildConfiguration;
			buildSettings = {
				CLANG_ANALYZER_NONNULL = YES;
				CLANG_ANALYZER_NUMBER_OBJECT_CONVERSION = YES_AGGRESSIVE;
				CLANG_CXX_LANGUAGE_STANDARD = "gnu++20";
				CLANG_ENABLE_MODULES = YES;
				CLANG_ENABLE_OBJC_ARC = YES;
				CLANG_WARN_BLOCK_CAPTURE_AUTORELEASING = YES;
				CLANG_WARN_BOOL_CONVERSION = YES;
				CLANG_WARN_COMMA = YES;
				CLANG_WARN_CONSTANT_CONVERSION = YES;
				CLANG_WARN_DEPRECATED_OBJC_IMPLEMENTATIONS = YES;
				CLANG_WARN_DIRECT_OBJC_ISA_USAGE = YES_ERROR;
				CLANG_WARN_DOCUMENTATION_COMMENTS = YES;
				CLANG_WARN_EMPTY_BODY = YES;
				CLANG_WARN_ENUM_CONVERSION = YES;
				CLANG_WARN_INFINITE_RECURSION = YES;
				CLANG_WARN_INT_CONVERSION = YES;
				CLANG_WARN_NON_LITERAL_NULL_CONVERSION = YES;
				CLANG_WARN_OBJC_IMPLICIT_RETAIN_SELF = YES;
				CLANG_WARN_OBJC_LITERAL_CONVERSION = YES;
				CLANG_WARN_OBJC_ROOT_CLASS = YES_ERROR;
				CLANG_WARN_QUOTED_INCLUDE_IN_FRAMEWORK_HEADER = YES;
				CLANG_WARN_RANGE_LOOP_ANALYSIS = YES;
				CLANG_WARN_STRICT_PROTOTYPES = YES;
				CLANG_WARN_SUSPICIOUS_MOVE = YES;
				CLANG_WARN_UNGUARDED_AVAILABILITY = YES_AGGRESSIVE;
				CLANG_WARN_UNREACHABLE_CODE = YES;
				CLANG_WARN__DUPLICATE_METHOD_MATCH = YES;
				CODE_SIGN_IDENTITY = "";
				COPY_PHASE_STRIP = NO;
				DEAD_CODE_STRIPPING = YES;
				DEBUG_INFORMATION_FORMAT = dwarf;
				ENABLE_NS_ASSERTIONS = NO;
				ENABLE_STRICT_OBJC_MSGSEND = YES;
				ENABLE_USER_SCRIPT_SANDBOXING = YES;
				GCC_C_LANGUAGE_STANDARD = gnu17;
				GCC_NO_COMMON_BLOCKS = YES;
				GCC_WARN_64_TO_32_BIT_CONVERSION = YES;
				GCC_WARN_ABOUT_RETURN_TYPE = YES_ERROR;
				GCC_WARN_UNDECLARED_SELECTOR = YES;
				GCC_WARN_UNINITIALIZED_AUTOS = YES_AGGRESSIVE;
				GCC_WARN_UNUSED_FUNCTION = YES;
				GCC_WARN_UNUSED_VARIABLE = YES;
				IPHONEOS_DEPLOYMENT_TARGET = 17.0;
				MTL_ENABLE_DEBUG_INFO = NO;
				STRING_CATALOG_GENERATE_SYMBOLS = YES;
				SWIFT_COMPILATION_MODE = wholemodule;
				SWIFT_OPTIMIZATION_LEVEL = "-O";
			};
			name = Release;
		};
		A8E033BE2C3A177300D3E6FA /* Debug */ = {
			isa = XCBuildConfiguration;
			buildSettings = {
				ASSETCATALOG_COMPILER_APPICON_NAME = AppIcon;
				CODE_SIGN_IDENTITY = "-";
				"CODE_SIGN_IDENTITY[sdk=iphoneos*]" = "Apple Development";
				CODE_SIGN_STYLE = Automatic;
				CURRENT_PROJECT_VERSION = 1;
				DEVELOPMENT_TEAM = Q4U7Y9GDV8;
				ENABLE_APP_SANDBOX = YES;
				ENABLE_HARDENED_RUNTIME = YES;
				ENABLE_OUTGOING_NETWORK_CONNECTIONS = YES;
				ENABLE_PREVIEWS = YES;
				GENERATE_INFOPLIST_FILE = NO;
				INFOPLIST_FILE = Move/Resources/Info.plist;
				INFOPLIST_KEY_CFBundleDisplayName = Move;
				INFOPLIST_KEY_CFBundleName = Move;
				INFOPLIST_KEY_UIStatusBarStyle = UIStatusBarStyleDefault;
				INFOPLIST_KEY_UISupportedInterfaceOrientations_iPhone = "UIInterfaceOrientationPortrait UIInterfaceOrientationPortraitUpsideDown";
				IPHONEOS_DEPLOYMENT_TARGET = 18.0;
				LD_RUNPATH_SEARCH_PATHS = (
					"$(inherited)",
					"@executable_path/Frameworks",
				);
				MACOSX_DEPLOYMENT_TARGET = 14.6;
				MARKETING_VERSION = 1.0;
				PRODUCT_BUNDLE_IDENTIFIER = com.move.move;
				PRODUCT_NAME = "$(TARGET_NAME)";
				REGISTER_APP_GROUPS = YES;
				SUPPORTED_PLATFORMS = "iphoneos iphonesimulator macosx";
				SUPPORTS_MACCATALYST = NO;
				SWIFT_EMIT_LOC_STRINGS = NO;
				SWIFT_VERSION = 5.0;
				TARGETED_DEVICE_FAMILY = 1;
			};
			name = Debug;
		};
		A8E033BF2C3A177300D3E6FA /* Release */ = {
			isa = XCBuildConfiguration;
			buildSettings = {
				ASSETCATALOG_COMPILER_APPICON_NAME = AppIcon;
				CODE_SIGN_IDENTITY = "-";
				"CODE_SIGN_IDENTITY[sdk=iphoneos*]" = "Apple Development";
				CODE_SIGN_STYLE = Automatic;
				CURRENT_PROJECT_VERSION = 1;
				DEVELOPMENT_TEAM = Q4U7Y9GDV8;
				ENABLE_APP_SANDBOX = YES;
				ENABLE_HARDENED_RUNTIME = YES;
				ENABLE_OUTGOING_NETWORK_CONNECTIONS = YES;
				ENABLE_PREVIEWS = YES;
				GENERATE_INFOPLIST_FILE = NO;
				INFOPLIST_FILE = Move/Resources/Info.plist;
				INFOPLIST_KEY_CFBundleDisplayName = Move;
				INFOPLIST_KEY_CFBundleName = Move;
				INFOPLIST_KEY_UIStatusBarStyle = UIStatusBarStyleDefault;
				INFOPLIST_KEY_UISupportedInterfaceOrientations_iPhone = "UIInterfaceOrientationPortrait UIInterfaceOrientationPortraitUpsideDown";
				IPHONEOS_DEPLOYMENT_TARGET = 18.0;
				LD_RUNPATH_SEARCH_PATHS = (
					"$(inherited)",
					"@executable_path/Frameworks",
				);
				MACOSX_DEPLOYMENT_TARGET = 14.6;
				MARKETING_VERSION = 1.0;
				PRODUCT_BUNDLE_IDENTIFIER = com.move.move;
				PRODUCT_NAME = "$(TARGET_NAME)";
				REGISTER_APP_GROUPS = YES;
				SUPPORTED_PLATFORMS = "iphoneos iphonesimulator macosx";
				SUPPORTS_MACCATALYST = NO;
				SWIFT_EMIT_LOC_STRINGS = NO;
				SWIFT_VERSION = 5.0;
				TARGETED_DEVICE_FAMILY = 1;
			};
			name = Release;
		};
		A8E033C02C3A177300D3E6FA /* Debug */ = {
			isa = XCBuildConfiguration;
			buildSettings = {
				CODE_SIGN_STYLE = Automatic;
				CURRENT_PROJECT_VERSION = 1;
				DEVELOPMENT_TEAM = "";
				GENERATE_INFOPLIST_FILE = YES;
				INFOPLIST_KEY_CFBundleDisplayName = MoveTests;
				IPHONEOS_DEPLOYMENT_TARGET = 17.0;
				LD_RUNPATH_SEARCH_PATHS = (
					"$(inherited)",
					"@executable_path/Frameworks",
					"@loader_path/Frameworks",
				);
				PRODUCT_BUNDLE_IDENTIFIER = com.example.MoveTests;
				PRODUCT_NAME = "$(TARGET_NAME)";
				SWIFT_EMIT_LOC_STRINGS = NO;
				SWIFT_VERSION = 5.0;
				TARGETED_DEVICE_FAMILY = 1;
			};
			name = Debug;
		};
		A8E033C12C3A177300D3E6FA /* Release */ = {
			isa = XCBuildConfiguration;
			buildSettings = {
				CODE_SIGN_STYLE = Automatic;
				CURRENT_PROJECT_VERSION = 1;
				DEVELOPMENT_TEAM = "";
				GENERATE_INFOPLIST_FILE = YES;
				INFOPLIST_KEY_CFBundleDisplayName = MoveTests;
				IPHONEOS_DEPLOYMENT_TARGET = 17.0;
				LD_RUNPATH_SEARCH_PATHS = (
					"$(inherited)",
					"@executable_path/Frameworks",
					"@loader_path/Frameworks",
				);
				PRODUCT_BUNDLE_IDENTIFIER = com.example.MoveTests;
				PRODUCT_NAME = "$(TARGET_NAME)";
				SWIFT_EMIT_LOC_STRINGS = NO;
				SWIFT_VERSION = 5.0;
				TARGETED_DEVICE_FAMILY = 1;
			};
			name = Release;
		};
/* End XCBuildConfiguration section */

/* Begin XCConfigurationList section */
		A8E0335B2C3A177300D3E6FA /* Build configuration list for PBXProject "Move" */ = {
			isa = XCConfigurationList;
			buildConfigurations = (
				A8E033BC2C3A177300D3E6FA /* Debug */,
				A8E033BD2C3A177300D3E6FA /* Release */,
			);
			defaultConfigurationIsVisible = 0;
			defaultConfigurationName = Release;
		};
		A8E0335D2C3A177300D3E6FA /* Build configuration list for PBXNativeTarget "Move" */ = {
			isa = XCConfigurationList;
			buildConfigurations = (
				A8E033BE2C3A177300D3E6FA /* Debug */,
				A8E033BF2C3A177300D3E6FA /* Release */,
			);
			defaultConfigurationIsVisible = 0;
			defaultConfigurationName = Release;
		};
		A8E0335F2C3A177300D3E6FA /* Build configuration list for PBXNativeTarget "MoveTests" */ = {
			isa = XCConfigurationList;
			buildConfigurations = (
				A8E033C02C3A177300D3E6FA /* Debug */,
				A8E033C12C3A177300D3E6FA /* Release */,
			);
			defaultConfigurationIsVisible = 0;
			defaultConfigurationName = Release;
		};
/* End XCConfigurationList section */
	};
	rootObject = A8E0335A2C3A177300D3E6FA /* Project object */;
}
